// !$*UTF8*$!
{
	archiveVersion = 1;
	classes = {
	};
	objectVersion = 56;
	objects = {

/* Begin PBXBuildFile section */
		B6198CC02C1C408900C9BCE5 /* TextHelper.swift in Sources */ = {isa = PBXBuildFile; fileRef = B6198CBF2C1C408900C9BCE5 /* TextHelper.swift */; };
		B6198CC22C1C477300C9BCE5 /* BusinessDetailView.swift in Sources */ = {isa = PBXBuildFile; fileRef = B6198CC12C1C477300C9BCE5 /* BusinessDetailView.swift */; };
		B694305E2C201FD600AC341B /* ImageHelper.swift in Sources */ = {isa = PBXBuildFile; fileRef = B694305D2C201FD600AC341B /* ImageHelper.swift */; };
		B6B05A582C20262300E9C26B /* BusinessModel.swift in Sources */ = {isa = PBXBuildFile; fileRef = B6B05A572C20262300E9C26B /* BusinessModel.swift */; };
		B6E703562C1AC3A000BB4B54 /* CitySightsApp.swift in Sources */ = {isa = PBXBuildFile; fileRef = B6E703552C1AC3A000BB4B54 /* CitySightsApp.swift */; };
		B6E703582C1AC3A000BB4B54 /* ContentView.swift in Sources */ = {isa = PBXBuildFile; fileRef = B6E703572C1AC3A000BB4B54 /* ContentView.swift */; };
		B6E7035A2C1AC3A700BB4B54 /* Assets.xcassets in Resources */ = {isa = PBXBuildFile; fileRef = B6E703592C1AC3A700BB4B54 /* Assets.xcassets */; };
		B6E7035D2C1AC3A700BB4B54 /* Preview Assets.xcassets in Resources */ = {isa = PBXBuildFile; fileRef = B6E7035C2C1AC3A700BB4B54 /* Preview Assets.xcassets */; };
		B6EDCF602C1AE34000154B21 /* DataService.swift in Sources */ = {isa = PBXBuildFile; fileRef = B6EDCF5F2C1AE34000154B21 /* DataService.swift */; };
		B6EDCF652C1AF1D800154B21 /* BusinessSearch.swift in Sources */ = {isa = PBXBuildFile; fileRef = B6EDCF642C1AF1D800154B21 /* BusinessSearch.swift */; };
		B6EDCF672C1AF22200154B21 /* Business.swift in Sources */ = {isa = PBXBuildFile; fileRef = B6EDCF662C1AF22200154B21 /* Business.swift */; };
		B6EDCF692C1AF2C300154B21 /* Region.swift in Sources */ = {isa = PBXBuildFile; fileRef = B6EDCF682C1AF2C300154B21 /* Region.swift */; };
		B6EDCF6B2C1AF30C00154B21 /* Coordinate.swift in Sources */ = {isa = PBXBuildFile; fileRef = B6EDCF6A2C1AF30C00154B21 /* Coordinate.swift */; };
		B6EDCF6D2C1AF44B00154B21 /* Category.swift in Sources */ = {isa = PBXBuildFile; fileRef = B6EDCF6C2C1AF44B00154B21 /* Category.swift */; };
		B6EDCF712C1AF53400154B21 /* Location.swift in Sources */ = {isa = PBXBuildFile; fileRef = B6EDCF702C1AF53400154B21 /* Location.swift */; };
/* End PBXBuildFile section */

/* Begin PBXFileReference section */
		B6198CBF2C1C408900C9BCE5 /* TextHelper.swift */ = {isa = PBXFileReference; lastKnownFileType = sourcecode.swift; path = TextHelper.swift; sourceTree = "<group>"; };
		B6198CC12C1C477300C9BCE5 /* BusinessDetailView.swift */ = {isa = PBXFileReference; lastKnownFileType = sourcecode.swift; path = BusinessDetailView.swift; sourceTree = "<group>"; };
		B694305D2C201FD600AC341B /* ImageHelper.swift */ = {isa = PBXFileReference; lastKnownFileType = sourcecode.swift; path = ImageHelper.swift; sourceTree = "<group>"; };
		B6B05A572C20262300E9C26B /* BusinessModel.swift */ = {isa = PBXFileReference; lastKnownFileType = sourcecode.swift; path = BusinessModel.swift; sourceTree = "<group>"; };
		B6E703522C1AC3A000BB4B54 /* CitySights.app */ = {isa = PBXFileReference; explicitFileType = wrapper.application; includeInIndex = 0; path = CitySights.app; sourceTree = BUILT_PRODUCTS_DIR; };
		B6E703552C1AC3A000BB4B54 /* CitySightsApp.swift */ = {isa = PBXFileReference; lastKnownFileType = sourcecode.swift; path = CitySightsApp.swift; sourceTree = "<group>"; };
		B6E703572C1AC3A000BB4B54 /* ContentView.swift */ = {isa = PBXFileReference; lastKnownFileType = sourcecode.swift; path = ContentView.swift; sourceTree = "<group>"; };
		B6E703592C1AC3A700BB4B54 /* Assets.xcassets */ = {isa = PBXFileReference; lastKnownFileType = folder.assetcatalog; path = Assets.xcassets; sourceTree = "<group>"; };
		B6E7035C2C1AC3A700BB4B54 /* Preview Assets.xcassets */ = {isa = PBXFileReference; lastKnownFileType = folder.assetcatalog; path = "Preview Assets.xcassets"; sourceTree = "<group>"; };
		B6EDCF5C2C1AD92F00154B21 /* Config.xcconfig */ = {isa = PBXFileReference; lastKnownFileType = text.xcconfig; path = Config.xcconfig; sourceTree = "<group>"; };
		B6EDCF5D2C1ADA5700154B21 /* Info.plist */ = {isa = PBXFileReference; lastKnownFileType = text.plist; path = Info.plist; sourceTree = "<group>"; };
		B6EDCF5F2C1AE34000154B21 /* DataService.swift */ = {isa = PBXFileReference; lastKnownFileType = sourcecode.swift; path = DataService.swift; sourceTree = "<group>"; };
		B6EDCF642C1AF1D800154B21 /* BusinessSearch.swift */ = {isa = PBXFileReference; lastKnownFileType = sourcecode.swift; path = BusinessSearch.swift; sourceTree = "<group>"; };
		B6EDCF662C1AF22200154B21 /* Business.swift */ = {isa = PBXFileReference; lastKnownFileType = sourcecode.swift; path = Business.swift; sourceTree = "<group>"; };
		B6EDCF682C1AF2C300154B21 /* Region.swift */ = {isa = PBXFileReference; lastKnownFileType = sourcecode.swift; path = Region.swift; sourceTree = "<group>"; };
		B6EDCF6A2C1AF30C00154B21 /* Coordinate.swift */ = {isa = PBXFileReference; lastKnownFileType = sourcecode.swift; path = Coordinate.swift; sourceTree = "<group>"; };
		B6EDCF6C2C1AF44B00154B21 /* Category.swift */ = {isa = PBXFileReference; lastKnownFileType = sourcecode.swift; path = Category.swift; sourceTree = "<group>"; };
		B6EDCF702C1AF53400154B21 /* Location.swift */ = {isa = PBXFileReference; lastKnownFileType = sourcecode.swift; path = Location.swift; sourceTree = "<group>"; };
/* End PBXFileReference section */

/* Begin PBXFrameworksBuildPhase section */
		B6E7034F2C1AC3A000BB4B54 /* Frameworks */ = {
			isa = PBXFrameworksBuildPhase;
			buildActionMask = 2147483647;
			files = (
			);
			runOnlyForDeploymentPostprocessing = 0;
		};
/* End PBXFrameworksBuildPhase section */

/* Begin PBXGroup section */
		B6198CBE2C1C405100C9BCE5 /* Helpers */ = {
			isa = PBXGroup;
			children = (
				B6198CBF2C1C408900C9BCE5 /* TextHelper.swift */,
				B694305D2C201FD600AC341B /* ImageHelper.swift */,
			);
			path = Helpers;
			sourceTree = "<group>";
		};
		B6B05A562C20260400E9C26B /* ViewModel */ = {
			isa = PBXGroup;
			children = (
				B6B05A572C20262300E9C26B /* BusinessModel.swift */,
			);
			path = ViewModel;
			sourceTree = "<group>";
		};
		B6E703492C1AC39F00BB4B54 = {
			isa = PBXGroup;
			children = (
				B6E703542C1AC3A000BB4B54 /* CitySights */,
				B6E703532C1AC3A000BB4B54 /* Products */,
			);
			sourceTree = "<group>";
		};
		B6E703532C1AC3A000BB4B54 /* Products */ = {
			isa = PBXGroup;
			children = (
				B6E703522C1AC3A000BB4B54 /* CitySights.app */,
			);
			name = Products;
			sourceTree = "<group>";
		};
		B6E703542C1AC3A000BB4B54 /* CitySights */ = {
			isa = PBXGroup;
			children = (
				B6EDCF5D2C1ADA5700154B21 /* Info.plist */,
				B6E703552C1AC3A000BB4B54 /* CitySightsApp.swift */,
				B6E703572C1AC3A000BB4B54 /* ContentView.swift */,
				B6198CC12C1C477300C9BCE5 /* BusinessDetailView.swift */,
				B6B05A562C20260400E9C26B /* ViewModel */,
				B6EDCF632C1AF1C000154B21 /* Model */,
				B6198CBE2C1C405100C9BCE5 /* Helpers */,
				B6EDCF5E2C1AE32B00154B21 /* Service */,
				B6EDCF5C2C1AD92F00154B21 /* Config.xcconfig */,
				B6E703592C1AC3A700BB4B54 /* Assets.xcassets */,
				B6E7035B2C1AC3A700BB4B54 /* Preview Content */,
			);
			path = CitySights;
			sourceTree = "<group>";
		};
		B6E7035B2C1AC3A700BB4B54 /* Preview Content */ = {
			isa = PBXGroup;
			children = (
				B6E7035C2C1AC3A700BB4B54 /* Preview Assets.xcassets */,
			);
			path = "Preview Content";
			sourceTree = "<group>";
		};
		B6EDCF5E2C1AE32B00154B21 /* Service */ = {
			isa = PBXGroup;
			children = (
				B6EDCF5F2C1AE34000154B21 /* DataService.swift */,
			);
			path = Service;
			sourceTree = "<group>";
		};
		B6EDCF632C1AF1C000154B21 /* Model */ = {
			isa = PBXGroup;
			children = (
				B6EDCF642C1AF1D800154B21 /* BusinessSearch.swift */,
				B6EDCF662C1AF22200154B21 /* Business.swift */,
				B6EDCF702C1AF53400154B21 /* Location.swift */,
				B6EDCF6C2C1AF44B00154B21 /* Category.swift */,
				B6EDCF682C1AF2C300154B21 /* Region.swift */,
				B6EDCF6A2C1AF30C00154B21 /* Coordinate.swift */,
			);
			path = Model;
			sourceTree = "<group>";
		};
/* End PBXGroup section */

/* Begin PBXNativeTarget section */
		B6E703512C1AC3A000BB4B54 /* CitySights */ = {
			isa = PBXNativeTarget;
			buildConfigurationList = B6E703602C1AC3A700BB4B54 /* Build configuration list for PBXNativeTarget "CitySights" */;
			buildPhases = (
				B6E7034E2C1AC3A000BB4B54 /* Sources */,
				B6E7034F2C1AC3A000BB4B54 /* Frameworks */,
				B6E703502C1AC3A000BB4B54 /* Resources */,
			);
			buildRules = (
			);
			dependencies = (
			);
			name = CitySights;
			productName = CitySights;
			productReference = B6E703522C1AC3A000BB4B54 /* CitySights.app */;
			productType = "com.apple.product-type.application";
		};
/* End PBXNativeTarget section */

/* Begin PBXProject section */
		B6E7034A2C1AC39F00BB4B54 /* Project object */ = {
			isa = PBXProject;
			attributes = {
				BuildIndependentTargetsInParallel = 1;
				LastSwiftUpdateCheck = 1540;
				LastUpgradeCheck = 1540;
				TargetAttributes = {
					B6E703512C1AC3A000BB4B54 = {
						CreatedOnToolsVersion = 15.4;
					};
				};
			};
			buildConfigurationList = B6E7034D2C1AC39F00BB4B54 /* Build configuration list for PBXProject "CitySights" */;
			compatibilityVersion = "Xcode 14.0";
			developmentRegion = en;
			hasScannedForEncodings = 0;
			knownRegions = (
				en,
				Base,
			);
			mainGroup = B6E703492C1AC39F00BB4B54;
			productRefGroup = B6E703532C1AC3A000BB4B54 /* Products */;
			projectDirPath = "";
			projectRoot = "";
			targets = (
				B6E703512C1AC3A000BB4B54 /* CitySights */,
			);
		};
/* End PBXProject section */

/* Begin PBXResourcesBuildPhase section */
		B6E703502C1AC3A000BB4B54 /* Resources */ = {
			isa = PBXResourcesBuildPhase;
			buildActionMask = 2147483647;
			files = (
				B6E7035D2C1AC3A700BB4B54 /* Preview Assets.xcassets in Resources */,
				B6E7035A2C1AC3A700BB4B54 /* Assets.xcassets in Resources */,
			);
			runOnlyForDeploymentPostprocessing = 0;
		};
/* End PBXResourcesBuildPhase section */

/* Begin PBXSourcesBuildPhase section */
		B6E7034E2C1AC3A000BB4B54 /* Sources */ = {
			isa = PBXSourcesBuildPhase;
			buildActionMask = 2147483647;
			files = (
				B6198CC22C1C477300C9BCE5 /* BusinessDetailView.swift in Sources */,
				B6EDCF6B2C1AF30C00154B21 /* Coordinate.swift in Sources */,
				B6B05A582C20262300E9C26B /* BusinessModel.swift in Sources */,
				B6EDCF602C1AE34000154B21 /* DataService.swift in Sources */,
				B6198CC02C1C408900C9BCE5 /* TextHelper.swift in Sources */,
				B6EDCF652C1AF1D800154B21 /* BusinessSearch.swift in Sources */,
				B6E703582C1AC3A000BB4B54 /* ContentView.swift in Sources */,
				B6EDCF712C1AF53400154B21 /* Location.swift in Sources */,
				B6EDCF692C1AF2C300154B21 /* Region.swift in Sources */,
				B6EDCF672C1AF22200154B21 /* Business.swift in Sources */,
				B6E703562C1AC3A000BB4B54 /* CitySightsApp.swift in Sources */,
				B6EDCF6D2C1AF44B00154B21 /* Category.swift in Sources */,
				B694305E2C201FD600AC341B /* ImageHelper.swift in Sources */,
			);
			runOnlyForDeploymentPostprocessing = 0;
		};
/* End PBXSourcesBuildPhase section */

/* Begin XCBuildConfiguration section */
		B6E7035E2C1AC3A700BB4B54 /* Debug */ = {
			isa = XCBuildConfiguration;
			baseConfigurationReference = B6EDCF5C2C1AD92F00154B21 /* Config.xcconfig */;
			buildSettings = {
				ALWAYS_SEARCH_USER_PATHS = NO;
				ASSETCATALOG_COMPILER_GENERATE_SWIFT_ASSET_SYMBOL_EXTENSIONS = YES;
				CLANG_ANALYZER_NONNULL = YES;
				CLANG_ANALYZER_NUMBER_OBJECT_CONVERSION = YES_AGGRESSIVE;
				CLANG_CXX_LANGUAGE_STANDARD = "gnu++20";
				CLANG_ENABLE_MODULES = YES;
				CLANG_ENABLE_OBJC_ARC = YES;
				CLANG_ENABLE_OBJC_WEAK = YES;
				CLANG_WARN_BLOCK_CAPTURE_AUTORELEASING = YES;
				CLANG_WARN_BOOL_CONVERSION = YES;
				CLANG_WARN_COMMA = YES;
				CLANG_WARN_CONSTANT_CONVERSION = YES;
				CLANG_WARN_DEPRECATED_OBJC_IMPLEMENTATIONS = YES;
				CLANG_WARN_DIRECT_OBJC_ISA_USAGE = YES_ERROR;
				CLANG_WARN_DOCUMENTATION_COMMENTS = YES;
				CLANG_WARN_EMPTY_BODY = YES;
				CLANG_WARN_ENUM_CONVERSION = YES;
				CLANG_WARN_INFINITE_RECURSION = YES;
				CLANG_WARN_INT_CONVERSION = YES;
				CLANG_WARN_NON_LITERAL_NULL_CONVERSION = YES;
				CLANG_WARN_OBJC_IMPLICIT_RETAIN_SELF = YES;
				CLANG_WARN_OBJC_LITERAL_CONVERSION = YES;
				CLANG_WARN_OBJC_ROOT_CLASS = YES_ERROR;
				CLANG_WARN_QUOTED_INCLUDE_IN_FRAMEWORK_HEADER = YES;
				CLANG_WARN_RANGE_LOOP_ANALYSIS = YES;
				CLANG_WARN_STRICT_PROTOTYPES = YES;
				CLANG_WARN_SUSPICIOUS_MOVE = YES;
				CLANG_WARN_UNGUARDED_AVAILABILITY = YES_AGGRESSIVE;
				CLANG_WARN_UNREACHABLE_CODE = YES;
				CLANG_WARN__DUPLICATE_METHOD_MATCH = YES;
				COPY_PHASE_STRIP = NO;
				DEBUG_INFORMATION_FORMAT = dwarf;
				ENABLE_STRICT_OBJC_MSGSEND = YES;
				ENABLE_TESTABILITY = YES;
				ENABLE_USER_SCRIPT_SANDBOXING = YES;
				GCC_C_LANGUAGE_STANDARD = gnu17;
				GCC_DYNAMIC_NO_PIC = NO;
				GCC_NO_COMMON_BLOCKS = YES;
				GCC_OPTIMIZATION_LEVEL = 0;
				GCC_PREPROCESSOR_DEFINITIONS = (
					"DEBUG=1",
					"$(inherited)",
				);
				GCC_WARN_64_TO_32_BIT_CONVERSION = YES;
				GCC_WARN_ABOUT_RETURN_TYPE = YES_ERROR;
				GCC_WARN_UNDECLARED_SELECTOR = YES;
				GCC_WARN_UNINITIALIZED_AUTOS = YES_AGGRESSIVE;
				GCC_WARN_UNUSED_FUNCTION = YES;
				GCC_WARN_UNUSED_VARIABLE = YES;
				IPHONEOS_DEPLOYMENT_TARGET = 17.5;
				LOCALIZATION_PREFERS_STRING_CATALOGS = YES;
				MTL_ENABLE_DEBUG_INFO = INCLUDE_SOURCE;
				MTL_FAST_MATH = YES;
				ONLY_ACTIVE_ARCH = YES;
				SDKROOT = iphoneos;
				SWIFT_ACTIVE_COMPILATION_CONDITIONS = "DEBUG $(inherited)";
				SWIFT_OPTIMIZATION_LEVEL = "-Onone";
			};
			name = Debug;
		};
		B6E7035F2C1AC3A700BB4B54 /* Release */ = {
			isa = XCBuildConfiguration;
			baseConfigurationReference = B6EDCF5C2C1AD92F00154B21 /* Config.xcconfig */;
			buildSettings = {
				ALWAYS_SEARCH_USER_PATHS = NO;
				ASSETCATALOG_COMPILER_GENERATE_SWIFT_ASSET_SYMBOL_EXTENSIONS = YES;
				CLANG_ANALYZER_NONNULL = YES;
				CLANG_ANALYZER_NUMBER_OBJECT_CONVERSION = YES_AGGRESSIVE;
				CLANG_CXX_LANGUAGE_STANDARD = "gnu++20";
				CLANG_ENABLE_MODULES = YES;
				CLANG_ENABLE_OBJC_ARC = YES;
				CLANG_ENABLE_OBJC_WEAK = YES;
				CLANG_WARN_BLOCK_CAPTURE_AUTORELEASING = YES;
				CLANG_WARN_BOOL_CONVERSION = YES;
				CLANG_WARN_COMMA = YES;
				CLANG_WARN_CONSTANT_CONVERSION = YES;
				CLANG_WARN_DEPRECATED_OBJC_IMPLEMENTATIONS = YES;
				CLANG_WARN_DIRECT_OBJC_ISA_USAGE = YES_ERROR;
				CLANG_WARN_DOCUMENTATION_COMMENTS = YES;
				CLANG_WARN_EMPTY_BODY = YES;
				CLANG_WARN_ENUM_CONVERSION = YES;
				CLANG_WARN_INFINITE_RECURSION = YES;
				CLANG_WARN_INT_CONVERSION = YES;
				CLANG_WARN_NON_LITERAL_NULL_CONVERSION = YES;
				CLANG_WARN_OBJC_IMPLICIT_RETAIN_SELF = YES;
				CLANG_WARN_OBJC_LITERAL_CONVERSION = YES;
				CLANG_WARN_OBJC_ROOT_CLASS = YES_ERROR;
				CLANG_WARN_QUOTED_INCLUDE_IN_FRAMEWORK_HEADER = YES;
				CLANG_WARN_RANGE_LOOP_ANALYSIS = YES;
				CLANG_WARN_STRICT_PROTOTYPES = YES;
				CLANG_WARN_SUSPICIOUS_MOVE = YES;
				CLANG_WARN_UNGUARDED_AVAILABILITY = YES_AGGRESSIVE;
				CLANG_WARN_UNREACHABLE_CODE = YES;
				CLANG_WARN__DUPLICATE_METHOD_MATCH = YES;
				COPY_PHASE_STRIP = NO;
				DEBUG_INFORMATION_FORMAT = "dwarf-with-dsym";
				ENABLE_NS_ASSERTIONS = NO;
				ENABLE_STRICT_OBJC_MSGSEND = YES;
				ENABLE_USER_SCRIPT_SANDBOXING = YES;
				GCC_C_LANGUAGE_STANDARD = gnu17;
				GCC_NO_COMMON_BLOCKS = YES;
				GCC_WARN_64_TO_32_BIT_CONVERSION = YES;
				GCC_WARN_ABOUT_RETURN_TYPE = YES_ERROR;
				GCC_WARN_UNDECLARED_SELECTOR = YES;
				GCC_WARN_UNINITIALIZED_AUTOS = YES_AGGRESSIVE;
				GCC_WARN_UNUSED_FUNCTION = YES;
				GCC_WARN_UNUSED_VARIABLE = YES;
				IPHONEOS_DEPLOYMENT_TARGET = 17.5;
				LOCALIZATION_PREFERS_STRING_CATALOGS = YES;
				MTL_ENABLE_DEBUG_INFO = NO;
				MTL_FAST_MATH = YES;
				SDKROOT = iphoneos;
				SWIFT_COMPILATION_MODE = wholemodule;
				VALIDATE_PRODUCT = YES;
			};
			name = Release;
		};
		B6E703612C1AC3A700BB4B54 /* Debug */ = {
			isa = XCBuildConfiguration;
			buildSettings = {
				ASSETCATALOG_COMPILER_APPICON_NAME = AppIcon;
				ASSETCATALOG_COMPILER_GLOBAL_ACCENT_COLOR_NAME = AccentColor;
				CODE_SIGN_STYLE = Automatic;
				CURRENT_PROJECT_VERSION = 1;
				DEVELOPMENT_ASSET_PATHS = "\"CitySights/Preview Content\"";
				DEVELOPMENT_TEAM = M85NJXLM4F;
				ENABLE_PREVIEWS = YES;
				GENERATE_INFOPLIST_FILE = YES;
				INFOPLIST_FILE = CitySights/Info.plist;
				INFOPLIST_KEY_UIApplicationSceneManifest_Generation = YES;
				INFOPLIST_KEY_UIApplicationSupportsIndirectInputEvents = YES;
				INFOPLIST_KEY_UILaunchScreen_Generation = YES;
				INFOPLIST_KEY_UISupportedInterfaceOrientations_iPad = "UIInterfaceOrientationPortrait UIInterfaceOrientationPortraitUpsideDown UIInterfaceOrientationLandscapeLeft UIInterfaceOrientationLandscapeRight";
				INFOPLIST_KEY_UISupportedInterfaceOrientations_iPhone = "UIInterfaceOrientationPortrait UIInterfaceOrientationLandscapeLeft UIInterfaceOrientationLandscapeRight";
				LD_RUNPATH_SEARCH_PATHS = (
					"$(inherited)",
					"@executable_path/Frameworks",
				);
				MARKETING_VERSION = 1.0;
				PRODUCT_BUNDLE_IDENTIFIER = com.kelvsricafort101.wordpress.CitySights;
				PRODUCT_NAME = "$(TARGET_NAME)";
				SWIFT_EMIT_LOC_STRINGS = YES;
				SWIFT_VERSION = 5.0;
				TARGETED_DEVICE_FAMILY = "1,2";
			};
			name = Debug;
		};
		B6E703622C1AC3A700BB4B54 /* Release */ = {
			isa = XCBuildConfiguration;
			buildSettings = {
				ASSETCATALOG_COMPILER_APPICON_NAME = AppIcon;
				ASSETCATALOG_COMPILER_GLOBAL_ACCENT_COLOR_NAME = AccentColor;
				CODE_SIGN_STYLE = Automatic;
				CURRENT_PROJECT_VERSION = 1;
				DEVELOPMENT_ASSET_PATHS = "\"CitySights/Preview Content\"";
				DEVELOPMENT_TEAM = M85NJXLM4F;
				ENABLE_PREVIEWS = YES;
				GENERATE_INFOPLIST_FILE = YES;
				INFOPLIST_FILE = CitySights/Info.plist;
				INFOPLIST_KEY_UIApplicationSceneManifest_Generation = YES;
				INFOPLIST_KEY_UIApplicationSupportsIndirectInputEvents = YES;
				INFOPLIST_KEY_UILaunchScreen_Generation = YES;
				INFOPLIST_KEY_UISupportedInterfaceOrientations_iPad = "UIInterfaceOrientationPortrait UIInterfaceOrientationPortraitUpsideDown UIInterfaceOrientationLandscapeLeft UIInterfaceOrientationLandscapeRight";
				INFOPLIST_KEY_UISupportedInterfaceOrientations_iPhone = "UIInterfaceOrientationPortrait UIInterfaceOrientationLandscapeLeft UIInterfaceOrientationLandscapeRight";
				LD_RUNPATH_SEARCH_PATHS = (
					"$(inherited)",
					"@executable_path/Frameworks",
				);
				MARKETING_VERSION = 1.0;
				PRODUCT_BUNDLE_IDENTIFIER = com.kelvsricafort101.wordpress.CitySights;
				PRODUCT_NAME = "$(TARGET_NAME)";
				SWIFT_EMIT_LOC_STRINGS = YES;
				SWIFT_VERSION = 5.0;
				TARGETED_DEVICE_FAMILY = "1,2";
			};
			name = Release;
		};
/* End XCBuildConfiguration section */

/* Begin XCConfigurationList section */
		B6E7034D2C1AC39F00BB4B54 /* Build configuration list for PBXProject "CitySights" */ = {
			isa = XCConfigurationList;
			buildConfigurations = (
				B6E7035E2C1AC3A700BB4B54 /* Debug */,
				B6E7035F2C1AC3A700BB4B54 /* Release */,
			);
			defaultConfigurationIsVisible = 0;
			defaultConfigurationName = Release;
		};
		B6E703602C1AC3A700BB4B54 /* Build configuration list for PBXNativeTarget "CitySights" */ = {
			isa = XCConfigurationList;
			buildConfigurations = (
				B6E703612C1AC3A700BB4B54 /* Debug */,
				B6E703622C1AC3A700BB4B54 /* Release */,
			);
			defaultConfigurationIsVisible = 0;
			defaultConfigurationName = Release;
		};
/* End XCConfigurationList section */
	};
	rootObject = B6E7034A2C1AC39F00BB4B54 /* Project object */;
}
